version: 2.0
shards:
  ameba:
    git: https://github.com/crystal-ameba/ameba.git
    version: 0.13.1

  db:
    git: https://github.com/crystal-lang/crystal-db.git
    version: 0.9.0

  exception_page:
    git: https://github.com/crystal-loot/exception_page.git
    version: 0.1.4

  kemal:
    git: https://github.com/kemalcr/kemal.git
    version: 0.26.1+git.commit.dfe7dca08f4c9a9456d6132af5f6b59fcd6865e4

  kilt:
    git: https://github.com/jeromegn/kilt.git
    version: 0.4.0

  myhtml:
    git: https://github.com/kostya/myhtml.git
    version: 1.5.1

  radix:
    git: https://github.com/luislavena/radix.git
    version: 0.3.9

  sqlite3:
    git: https://github.com/crystal-lang/crystal-sqlite3.git
    version: 0.16.0

